
Microsoft Visual Studio Solution File, Format Version 12.00
# Visual Studio Version 17
VisualStudioVersion = 17.7.34202.233
MinimumVisualStudioVersion = 10.0.40219.1
Project("{2150E333-8FDC-42A3-9474-1A3956D46DE8}") = "SRC", "SRC", "{78C1313B-8176-4206-9F85-04DAEFE7DBFA}"
EndProject
Project("{2150E333-8FDC-42A3-9474-1A3956D46DE8}") = "00.Core", "00.Core", "{172F8AE5-45C8-4A61-B6FE-5A0B249F1C88}"
EndProject
Project("{2150E333-8FDC-42A3-9474-1A3956D46DE8}") = "03.InterfaceAdapter", "03.InterfaceAdapter", "{4F1DED35-8441-4065-92D9-513B0BADFEA6}"
EndProject
Project("{2150E333-8FDC-42A3-9474-1A3956D46DE8}") = "04.Framework&Drivers", "04.Framework&Drivers", "{41F4A455-B237-436E-9F1A-31E1B2A10B0A}"
EndProject
Project("{2150E333-8FDC-42A3-9474-1A3956D46DE8}") = "01.EnterpriseBusinessRules", "01.EnterpriseBusinessRules", "{0199F4FA-4D9D-4613-88ED-A29EA402F4AE}"
EndProject
Project("{2150E333-8FDC-42A3-9474-1A3956D46DE8}") = "02.ApplicationBusinessRules", "02.ApplicationBusinessRules", "{1FD55847-14E4-4372-9BD6-808B26548D53}"
EndProject
Project("{9A19103F-16F7-4668-BE54-9A1E7A4F7556}") = "Escuela.Entidades", "Escuela.Entidades\Escuela.Entidades.csproj", "{A165BE19-029A-4DC3-B0CF-D542A225DFC0}"
EndProject
Project("{2150E333-8FDC-42A3-9474-1A3956D46DE8}") = "CasosdeUso", "CasosdeUso", "{A77743DF-1772-42D7-9EC7-07875B151DB2}"
EndProject
Project("{2150E333-8FDC-42A3-9474-1A3956D46DE8}") = "ObjetosdeNegocios", "ObjetosdeNegocios", "{93980721-9D35-459B-B46A-E8811F497D52}"
EndProject
Project("{9A19103F-16F7-4668-BE54-9A1E7A4F7556}") = "Escuela.BusinessRules", "Escuela.BusinessRules\Escuela.BusinessRules.csproj", "{527155A7-36EB-4F07-8C32-C7C7A612A22A}"
EndProject
Project("{2150E333-8FDC-42A3-9474-1A3956D46DE8}") = "Controladores", "Controladores", "{DC54C92B-09CF-4FE5-9B05-5543F8DC469D}"
EndProject
Project("{2150E333-8FDC-42A3-9474-1A3956D46DE8}") = "Getways", "Getways", "{EDC5EE54-5602-4932-8875-F566483E635D}"
EndProject
Project("{2150E333-8FDC-42A3-9474-1A3956D46DE8}") = "InversionDependencia", "InversionDependencia", "{8BA21D4C-9B99-41C7-8397-A469814651FD}"
EndProject
Project("{2150E333-8FDC-42A3-9474-1A3956D46DE8}") = "Presentadores", "Presentadores", "{39054CCC-3330-4287-8DE9-CC563968BD7F}"
EndProject
Project("{2150E333-8FDC-42A3-9474-1A3956D46DE8}") = "Repositorio", "Repositorio", "{E176C46E-FA48-4BF3-A6AF-D8ACDA80A25F}"
EndProject
Project("{9A19103F-16F7-4668-BE54-9A1E7A4F7556}") = "Escuela.Repositorio", "Escuela.Repositorio\Escuela.Repositorio.csproj", "{A1BCB4B6-A413-44E3-A266-0A4524125F7E}"
EndProject
Project("{9A19103F-16F7-4668-BE54-9A1E7A4F7556}") = "Escuela.Controladores", "Escuela.Controladores\Escuela.Controladores.csproj", "{C5ED494D-4FF5-416F-AE87-AE669F0B4B65}"
EndProject
Project("{9A19103F-16F7-4668-BE54-9A1E7A4F7556}") = "Dependencyinversion", "Dependencyinversion\Dependencyinversion.csproj", "{13BEF46B-9CFA-4EFB-AF50-F4B2CAA35709}"
EndProject
Project("{9A19103F-16F7-4668-BE54-9A1E7A4F7556}") = "Escuela.UseCases", "Escuela.UseCases\Escuela.UseCases.csproj", "{CE385087-6EF0-49C1-AC6B-92BAFD295B22}"
EndProject
Project("{9A19103F-16F7-4668-BE54-9A1E7A4F7556}") = "Escuela.Presentadores", "Escuela.Presentadores\Escuela.Presentadores.csproj", "{7F73F32E-5E23-46E9-9A0E-64C8D9307CD1}"
EndProject
Project("{9A19103F-16F7-4668-BE54-9A1E7A4F7556}") = "Escuela.WebApi", "C:\Users\Santi\source\repos\EscuelaProyecto\Escuela.WebApi\Escuela.WebApi.csproj", "{4B434564-9AF1-4641-B7D5-8F3413EECFFB}"
EndProject
Global
	GlobalSection(SolutionConfigurationPlatforms) = preSolution
		Debug|Any CPU = Debug|Any CPU
		Release|Any CPU = Release|Any CPU
	EndGlobalSection
	GlobalSection(ProjectConfigurationPlatforms) = postSolution
		{A165BE19-029A-4DC3-B0CF-D542A225DFC0}.Debug|Any CPU.ActiveCfg = Debug|Any CPU
		{A165BE19-029A-4DC3-B0CF-D542A225DFC0}.Debug|Any CPU.Build.0 = Debug|Any CPU
		{A165BE19-029A-4DC3-B0CF-D542A225DFC0}.Release|Any CPU.ActiveCfg = Release|Any CPU
		{A165BE19-029A-4DC3-B0CF-D542A225DFC0}.Release|Any CPU.Build.0 = Release|Any CPU
		{527155A7-36EB-4F07-8C32-C7C7A612A22A}.Debug|Any CPU.ActiveCfg = Debug|Any CPU
		{527155A7-36EB-4F07-8C32-C7C7A612A22A}.Debug|Any CPU.Build.0 = Debug|Any CPU
		{527155A7-36EB-4F07-8C32-C7C7A612A22A}.Release|Any CPU.ActiveCfg = Release|Any CPU
		{527155A7-36EB-4F07-8C32-C7C7A612A22A}.Release|Any CPU.Build.0 = Release|Any CPU
		{A1BCB4B6-A413-44E3-A266-0A4524125F7E}.Debug|Any CPU.ActiveCfg = Debug|Any CPU
		{A1BCB4B6-A413-44E3-A266-0A4524125F7E}.Debug|Any CPU.Build.0 = Debug|Any CPU
		{A1BCB4B6-A413-44E3-A266-0A4524125F7E}.Release|Any CPU.ActiveCfg = Release|Any CPU
		{A1BCB4B6-A413-44E3-A266-0A4524125F7E}.Release|Any CPU.Build.0 = Release|Any CPU
		{C5ED494D-4FF5-416F-AE87-AE669F0B4B65}.Debug|Any CPU.ActiveCfg = Debug|Any CPU
		{C5ED494D-4FF5-416F-AE87-AE669F0B4B65}.Debug|Any CPU.Build.0 = Debug|Any CPU
		{C5ED494D-4FF5-416F-AE87-AE669F0B4B65}.Release|Any CPU.ActiveCfg = Release|Any CPU
		{C5ED494D-4FF5-416F-AE87-AE669F0B4B65}.Release|Any CPU.Build.0 = Release|Any CPU
		{13BEF46B-9CFA-4EFB-AF50-F4B2CAA35709}.Debug|Any CPU.ActiveCfg = Debug|Any CPU
		{13BEF46B-9CFA-4EFB-AF50-F4B2CAA35709}.Debug|Any CPU.Build.0 = Debug|Any CPU
		{13BEF46B-9CFA-4EFB-AF50-F4B2CAA35709}.Release|Any CPU.ActiveCfg = Release|Any CPU
		{13BEF46B-9CFA-4EFB-AF50-F4B2CAA35709}.Release|Any CPU.Build.0 = Release|Any CPU
		{CE385087-6EF0-49C1-AC6B-92BAFD295B22}.Debug|Any CPU.ActiveCfg = Debug|Any CPU
		{CE385087-6EF0-49C1-AC6B-92BAFD295B22}.Debug|Any CPU.Build.0 = Debug|Any CPU
		{CE385087-6EF0-49C1-AC6B-92BAFD295B22}.Release|Any CPU.ActiveCfg = Release|Any CPU
		{CE385087-6EF0-49C1-AC6B-92BAFD295B22}.Release|Any CPU.Build.0 = Release|Any CPU
		{7F73F32E-5E23-46E9-9A0E-64C8D9307CD1}.Debug|Any CPU.ActiveCfg = Debug|Any CPU
		{7F73F32E-5E23-46E9-9A0E-64C8D9307CD1}.Debug|Any CPU.Build.0 = Debug|Any CPU
		{7F73F32E-5E23-46E9-9A0E-64C8D9307CD1}.Release|Any CPU.ActiveCfg = Release|Any CPU
		{7F73F32E-5E23-46E9-9A0E-64C8D9307CD1}.Release|Any CPU.Build.0 = Release|Any CPU
		{4B434564-9AF1-4641-B7D5-8F3413EECFFB}.Debug|Any CPU.ActiveCfg = Debug|Any CPU
		{4B434564-9AF1-4641-B7D5-8F3413EECFFB}.Debug|Any CPU.Build.0 = Debug|Any CPU
		{4B434564-9AF1-4641-B7D5-8F3413EECFFB}.Release|Any CPU.ActiveCfg = Release|Any CPU
		{4B434564-9AF1-4641-B7D5-8F3413EECFFB}.Release|Any CPU.Build.0 = Release|Any CPU
	EndGlobalSection
	GlobalSection(SolutionProperties) = preSolution
		HideSolutionNode = FALSE
	EndGlobalSection
	GlobalSection(NestedProjects) = preSolution
		{172F8AE5-45C8-4A61-B6FE-5A0B249F1C88} = {78C1313B-8176-4206-9F85-04DAEFE7DBFA}
		{4F1DED35-8441-4065-92D9-513B0BADFEA6} = {78C1313B-8176-4206-9F85-04DAEFE7DBFA}
		{41F4A455-B237-436E-9F1A-31E1B2A10B0A} = {78C1313B-8176-4206-9F85-04DAEFE7DBFA}
		{0199F4FA-4D9D-4613-88ED-A29EA402F4AE} = {172F8AE5-45C8-4A61-B6FE-5A0B249F1C88}
		{1FD55847-14E4-4372-9BD6-808B26548D53} = {172F8AE5-45C8-4A61-B6FE-5A0B249F1C88}
		{A165BE19-029A-4DC3-B0CF-D542A225DFC0} = {0199F4FA-4D9D-4613-88ED-A29EA402F4AE}
		{A77743DF-1772-42D7-9EC7-07875B151DB2} = {1FD55847-14E4-4372-9BD6-808B26548D53}
		{93980721-9D35-459B-B46A-E8811F497D52} = {1FD55847-14E4-4372-9BD6-808B26548D53}
		{527155A7-36EB-4F07-8C32-C7C7A612A22A} = {93980721-9D35-459B-B46A-E8811F497D52}
		{DC54C92B-09CF-4FE5-9B05-5543F8DC469D} = {4F1DED35-8441-4065-92D9-513B0BADFEA6}
		{EDC5EE54-5602-4932-8875-F566483E635D} = {4F1DED35-8441-4065-92D9-513B0BADFEA6}
		{8BA21D4C-9B99-41C7-8397-A469814651FD} = {4F1DED35-8441-4065-92D9-513B0BADFEA6}
		{39054CCC-3330-4287-8DE9-CC563968BD7F} = {4F1DED35-8441-4065-92D9-513B0BADFEA6}
		{E176C46E-FA48-4BF3-A6AF-D8ACDA80A25F} = {EDC5EE54-5602-4932-8875-F566483E635D}
		{A1BCB4B6-A413-44E3-A266-0A4524125F7E} = {E176C46E-FA48-4BF3-A6AF-D8ACDA80A25F}
		{C5ED494D-4FF5-416F-AE87-AE669F0B4B65} = {DC54C92B-09CF-4FE5-9B05-5543F8DC469D}
		{13BEF46B-9CFA-4EFB-AF50-F4B2CAA35709} = {8BA21D4C-9B99-41C7-8397-A469814651FD}
		{CE385087-6EF0-49C1-AC6B-92BAFD295B22} = {A77743DF-1772-42D7-9EC7-07875B151DB2}
		{7F73F32E-5E23-46E9-9A0E-64C8D9307CD1} = {39054CCC-3330-4287-8DE9-CC563968BD7F}
		{4B434564-9AF1-4641-B7D5-8F3413EECFFB} = {41F4A455-B237-436E-9F1A-31E1B2A10B0A}
	EndGlobalSection
	GlobalSection(ExtensibilityGlobals) = postSolution
		SolutionGuid = {F27DE928-BD58-42F0-9736-9561EF328970}
	EndGlobalSection
EndGlobal
